// !$*UTF8*$!
{
	archiveVersion = 1;
	classes = {
	};
	objectVersion = 46;
	objects = {

/* Begin PBXBuildFile section */
		F4298F491E27A4D20008BDEF /* proscript2.h in Headers */ = {isa = PBXBuildFile; fileRef = F4298F481E27A4D20008BDEF /* proscript2.h */; settings = {ATTRIBUTES = (Public, ); }; };
		F4AC5C211E279EA600F2384C /* arithmetic.h in Headers */ = {isa = PBXBuildFile; fileRef = F4AC5BE51E279EA600F2384C /* arithmetic.h */; };
		F4AC5C221E279EA600F2384C /* bihashmap.h in Headers */ = {isa = PBXBuildFile; fileRef = F4AC5BE61E279EA600F2384C /* bihashmap.h */; };
		F4AC5C231E279EA600F2384C /* builtin.h in Headers */ = {isa = PBXBuildFile; fileRef = F4AC5BE71E279EA600F2384C /* builtin.h */; };
		F4AC5C241E279EA600F2384C /* char_buffer.h in Headers */ = {isa = PBXBuildFile; fileRef = F4AC5BE81E279EA600F2384C /* char_buffer.h */; };
		F4AC5C251E279EA600F2384C /* char_conversion.h in Headers */ = {isa = PBXBuildFile; fileRef = F4AC5BE91E279EA600F2384C /* char_conversion.h */; };
		F4AC5C261E279EA600F2384C /* checks.h in Headers */ = {isa = PBXBuildFile; fileRef = F4AC5BEA1E279EA600F2384C /* checks.h */; };
		F4AC5C271E279EA600F2384C /* compiler.h in Headers */ = {isa = PBXBuildFile; fileRef = F4AC5BEB1E279EA600F2384C /* compiler.h */; };
		F4AC5C281E279EA600F2384C /* constants.h in Headers */ = {isa = PBXBuildFile; fileRef = F4AC5BEC1E279EA600F2384C /* constants.h */; };
		F4AC5C291E279EA600F2384C /* crc.h in Headers */ = {isa = PBXBuildFile; fileRef = F4AC5BED1E279EA600F2384C /* crc.h */; };
		F4AC5C2A1E279EA600F2384C /* ctable.h in Headers */ = {isa = PBXBuildFile; fileRef = F4AC5BEE1E279EA600F2384C /* ctable.h */; };
		F4AC5C2B1E279EA600F2384C /* errors.h in Headers */ = {isa = PBXBuildFile; fileRef = F4AC5BEF1E279EA600F2384C /* errors.h */; };
		F4AC5C2C1E279EA600F2384C /* foreign.h in Headers */ = {isa = PBXBuildFile; fileRef = F4AC5BF01E279EA600F2384C /* foreign.h */; };
		F4AC5C2D1E279EA600F2384C /* format.h in Headers */ = {isa = PBXBuildFile; fileRef = F4AC5BF11E279EA600F2384C /* format.h */; };
		F4AC5C2E1E279EA600F2384C /* global.h in Headers */ = {isa = PBXBuildFile; fileRef = F4AC5BF21E279EA600F2384C /* global.h */; };
		F4AC5C2F1E279EA600F2384C /* hashmap.h in Headers */ = {isa = PBXBuildFile; fileRef = F4AC5BF31E279EA600F2384C /* hashmap.h */; };
		F4AC5C301E279EA600F2384C /* init.h in Headers */ = {isa = PBXBuildFile; fileRef = F4AC5BF41E279EA600F2384C /* init.h */; };
		F4AC5C311E279EA600F2384C /* kernel.h in Headers */ = {isa = PBXBuildFile; fileRef = F4AC5BF51E279EA600F2384C /* kernel.h */; };
		F4AC5C321E279EA600F2384C /* list.h in Headers */ = {isa = PBXBuildFile; fileRef = F4AC5BF61E279EA600F2384C /* list.h */; };
		F4AC5C331E279EA600F2384C /* module.h in Headers */ = {isa = PBXBuildFile; fileRef = F4AC5BF71E279EA600F2384C /* module.h */; };
		F4AC5C341E279EA600F2384C /* operators.h in Headers */ = {isa = PBXBuildFile; fileRef = F4AC5BF81E279EA600F2384C /* operators.h */; };
		F4AC5C351E279EA600F2384C /* options.h in Headers */ = {isa = PBXBuildFile; fileRef = F4AC5BF91E279EA600F2384C /* options.h */; };
		F4AC5C361E279EA600F2384C /* parser.h in Headers */ = {isa = PBXBuildFile; fileRef = F4AC5BFA1E279EA600F2384C /* parser.h */; };
		F4AC5C371E279EA600F2384C /* prolog_flag.h in Headers */ = {isa = PBXBuildFile; fileRef = F4AC5BFB1E279EA600F2384C /* prolog_flag.h */; };
		F4AC5C381E279EA600F2384C /* record.h in Headers */ = {isa = PBXBuildFile; fileRef = F4AC5BFC1E279EA600F2384C /* record.h */; };
		F4AC5C391E279EA600F2384C /* stream.h in Headers */ = {isa = PBXBuildFile; fileRef = F4AC5BFD1E279EA600F2384C /* stream.h */; };
		F4AC5C3A1E279EA600F2384C /* string_builder.h in Headers */ = {isa = PBXBuildFile; fileRef = F4AC5BFE1E279EA600F2384C /* string_builder.h */; };
		F4AC5C3B1E279EA600F2384C /* term_writer.h in Headers */ = {isa = PBXBuildFile; fileRef = F4AC5BFF1E279EA600F2384C /* term_writer.h */; };
		F4AC5C3C1E279EA600F2384C /* test.h in Headers */ = {isa = PBXBuildFile; fileRef = F4AC5C001E279EA600F2384C /* test.h */; };
		F4AC5C3D1E279EA600F2384C /* types.h in Headers */ = {isa = PBXBuildFile; fileRef = F4AC5C011E279EA600F2384C /* types.h */; };
		F4AC5C3E1E279EA600F2384C /* whashmap.h in Headers */ = {isa = PBXBuildFile; fileRef = F4AC5C021E279EA600F2384C /* whashmap.h */; };
		F4AC5C3F1E279EA600F2384C /* arithmetic.c in Sources */ = {isa = PBXBuildFile; fileRef = F4AC5C031E279EA600F2384C /* arithmetic.c */; };
		F4AC5C401E279EA600F2384C /* bihashmap.c in Sources */ = {isa = PBXBuildFile; fileRef = F4AC5C041E279EA600F2384C /* bihashmap.c */; };
		F4AC5C411E279EA600F2384C /* char_buffer.c in Sources */ = {isa = PBXBuildFile; fileRef = F4AC5C051E279EA600F2384C /* char_buffer.c */; };
		F4AC5C421E279EA600F2384C /* char_conversion.c in Sources */ = {isa = PBXBuildFile; fileRef = F4AC5C061E279EA600F2384C /* char_conversion.c */; };
		F4AC5C431E279EA600F2384C /* compiler.c in Sources */ = {isa = PBXBuildFile; fileRef = F4AC5C071E279EA600F2384C /* compiler.c */; };
		F4AC5C441E279EA600F2384C /* constants.c in Sources */ = {isa = PBXBuildFile; fileRef = F4AC5C081E279EA600F2384C /* constants.c */; };
		F4AC5C451E279EA600F2384C /* crc.c in Sources */ = {isa = PBXBuildFile; fileRef = F4AC5C091E279EA600F2384C /* crc.c */; };
		F4AC5C461E279EA600F2384C /* ctable.c in Sources */ = {isa = PBXBuildFile; fileRef = F4AC5C0A1E279EA600F2384C /* ctable.c */; };
		F4AC5C471E279EA600F2384C /* errors.c in Sources */ = {isa = PBXBuildFile; fileRef = F4AC5C0B1E279EA600F2384C /* errors.c */; };
		F4AC5C481E279EA600F2384C /* fli.c in Sources */ = {isa = PBXBuildFile; fileRef = F4AC5C0C1E279EA600F2384C /* fli.c */; };
		F4AC5C4A1E279EA600F2384C /* foreign.c in Sources */ = {isa = PBXBuildFile; fileRef = F4AC5C0E1E279EA600F2384C /* foreign.c */; };
		F4AC5C4B1E279EA600F2384C /* format.c in Sources */ = {isa = PBXBuildFile; fileRef = F4AC5C0F1E279EA600F2384C /* format.c */; };
		F4AC5C4C1E279EA600F2384C /* global.c in Sources */ = {isa = PBXBuildFile; fileRef = F4AC5C101E279EA600F2384C /* global.c */; };
		F4AC5C4D1E279EA600F2384C /* hashmap.c in Sources */ = {isa = PBXBuildFile; fileRef = F4AC5C111E279EA600F2384C /* hashmap.c */; };
		F4AC5C4E1E279EA600F2384C /* init.c in Sources */ = {isa = PBXBuildFile; fileRef = F4AC5C121E279EA600F2384C /* init.c */; };
		F4AC5C4F1E279EA600F2384C /* kernel.c in Sources */ = {isa = PBXBuildFile; fileRef = F4AC5C131E279EA600F2384C /* kernel.c */; };
		F4AC5C501E279EA600F2384C /* list.c in Sources */ = {isa = PBXBuildFile; fileRef = F4AC5C141E279EA600F2384C /* list.c */; };
		F4AC5C511E279EA600F2384C /* main.c in Sources */ = {isa = PBXBuildFile; fileRef = F4AC5C151E279EA600F2384C /* main.c */; };
		F4AC5C521E279EA600F2384C /* module.c in Sources */ = {isa = PBXBuildFile; fileRef = F4AC5C161E279EA600F2384C /* module.c */; };
		F4AC5C531E279EA600F2384C /* operators.c in Sources */ = {isa = PBXBuildFile; fileRef = F4AC5C171E279EA600F2384C /* operators.c */; };
		F4AC5C541E279EA600F2384C /* options.c in Sources */ = {isa = PBXBuildFile; fileRef = F4AC5C181E279EA600F2384C /* options.c */; };
		F4AC5C551E279EA600F2384C /* parser.c in Sources */ = {isa = PBXBuildFile; fileRef = F4AC5C191E279EA600F2384C /* parser.c */; };
		F4AC5C561E279EA600F2384C /* prolog_flag.c in Sources */ = {isa = PBXBuildFile; fileRef = F4AC5C1A1E279EA600F2384C /* prolog_flag.c */; };
		F4AC5C571E279EA600F2384C /* record.c in Sources */ = {isa = PBXBuildFile; fileRef = F4AC5C1B1E279EA600F2384C /* record.c */; };
		F4AC5C581E279EA600F2384C /* stream.c in Sources */ = {isa = PBXBuildFile; fileRef = F4AC5C1C1E279EA600F2384C /* stream.c */; };
		F4AC5C591E279EA600F2384C /* string_builder.c in Sources */ = {isa = PBXBuildFile; fileRef = F4AC5C1D1E279EA600F2384C /* string_builder.c */; };
		F4AC5C5A1E279EA600F2384C /* term_writer.c in Sources */ = {isa = PBXBuildFile; fileRef = F4AC5C1E1E279EA600F2384C /* term_writer.c */; };
		F4AC5C5B1E279EA600F2384C /* test.c in Sources */ = {isa = PBXBuildFile; fileRef = F4AC5C1F1E279EA600F2384C /* test.c */; };
		F4AC5C5C1E279EA600F2384C /* whashmap.c in Sources */ = {isa = PBXBuildFile; fileRef = F4AC5C201E279EA600F2384C /* whashmap.c */; };
		F4AC5C5E1E279F0C00F2384C /* Info.plist in Resources */ = {isa = PBXBuildFile; fileRef = F4AC5C5D1E279F0C00F2384C /* Info.plist */; };
		F4AC5C611E279F9800F2384C /* libgmp.framework in Frameworks */ = {isa = PBXBuildFile; fileRef = F4AC5C601E279F9800F2384C /* libgmp.framework */; };
/* End PBXBuildFile section */

/* Begin PBXContainerItemProxy section */
		F46BE5631E2A7D1300DA8359 /* PBXContainerItemProxy */ = {
			isa = PBXContainerItemProxy;
			containerPortal = F46BE55A1E2A7D1300DA8359 /* SocketRocket.xcodeproj */;
			proxyType = 2;
			remoteGlobalIDString = 81D6478D1D2CA78800690609;
			remoteInfo = "SocketRocket-iOS";
		};
		F46BE5651E2A7D1300DA8359 /* PBXContainerItemProxy */ = {
			isa = PBXContainerItemProxy;
			containerPortal = F46BE55A1E2A7D1300DA8359 /* SocketRocket.xcodeproj */;
			proxyType = 2;
			remoteGlobalIDString = 2D4227621BB4358C000C1A6C;
			remoteInfo = "SocketRocket-iOS-Dynamic";
		};
		F46BE5671E2A7D1300DA8359 /* PBXContainerItemProxy */ = {
			isa = PBXContainerItemProxy;
			containerPortal = F46BE55A1E2A7D1300DA8359 /* SocketRocket.xcodeproj */;
			proxyType = 2;
			remoteGlobalIDString = F668C880153E91210044DBAC;
			remoteInfo = "SocketRocket-macOS";
		};
		F46BE5691E2A7D1300DA8359 /* PBXContainerItemProxy */ = {
			isa = PBXContainerItemProxy;
			containerPortal = F46BE55A1E2A7D1300DA8359 /* SocketRocket.xcodeproj */;
			proxyType = 2;
			remoteGlobalIDString = 3345DC901C52ACD70083CCB8;
			remoteInfo = "SocketRocket-tvOS";
		};
		F46BE56B1E2A7D1300DA8359 /* PBXContainerItemProxy */ = {
			isa = PBXContainerItemProxy;
			containerPortal = F46BE55A1E2A7D1300DA8359 /* SocketRocket.xcodeproj */;
			proxyType = 2;
			remoteGlobalIDString = F6BDA802145900D200FE3253;
			remoteInfo = "SocketRocketTests-iOS";
		};
		F46BE56D1E2A7D1300DA8359 /* PBXContainerItemProxy */ = {
			isa = PBXContainerItemProxy;
			containerPortal = F46BE55A1E2A7D1300DA8359 /* SocketRocket.xcodeproj */;
			proxyType = 2;
			remoteGlobalIDString = F62417E314D52F3C003CE997;
			remoteInfo = TestChat;
		};
/* End PBXContainerItemProxy section */

/* Begin PBXFileReference section */
		F4298F481E27A4D20008BDEF /* proscript2.h */ = {isa = PBXFileReference; fileEncoding = 4; lastKnownFileType = sourcecode.c.h; path = proscript2.h; sourceTree = SOURCE_ROOT; };
		F46BE55A1E2A7D1300DA8359 /* SocketRocket.xcodeproj */ = {isa = PBXFileReference; lastKnownFileType = "wrapper.pb-project"; name = SocketRocket.xcodeproj; path = ../proactivejs/SocketRocket/SocketRocket.xcodeproj; sourceTree = "<group>"; };
		F48B3FED1E279E3F0056C796 /* proscript.framework */ = {isa = PBXFileReference; explicitFileType = wrapper.framework; includeInIndex = 0; path = proscript.framework; sourceTree = BUILT_PRODUCTS_DIR; };
		F4AC5BE51E279EA600F2384C /* arithmetic.h */ = {isa = PBXFileReference; fileEncoding = 4; lastKnownFileType = sourcecode.c.h; name = arithmetic.h; path = src/arithmetic.h; sourceTree = SOURCE_ROOT; };
		F4AC5BE61E279EA600F2384C /* bihashmap.h */ = {isa = PBXFileReference; fileEncoding = 4; lastKnownFileType = sourcecode.c.h; name = bihashmap.h; path = src/bihashmap.h; sourceTree = SOURCE_ROOT; };
		F4AC5BE71E279EA600F2384C /* builtin.h */ = {isa = PBXFileReference; fileEncoding = 4; lastKnownFileType = sourcecode.c.h; name = builtin.h; path = src/builtin.h; sourceTree = SOURCE_ROOT; };
		F4AC5BE81E279EA600F2384C /* char_buffer.h */ = {isa = PBXFileReference; fileEncoding = 4; lastKnownFileType = sourcecode.c.h; name = char_buffer.h; path = src/char_buffer.h; sourceTree = SOURCE_ROOT; };
		F4AC5BE91E279EA600F2384C /* char_conversion.h */ = {isa = PBXFileReference; fileEncoding = 4; lastKnownFileType = sourcecode.c.h; name = char_conversion.h; path = src/char_conversion.h; sourceTree = SOURCE_ROOT; };
		F4AC5BEA1E279EA600F2384C /* checks.h */ = {isa = PBXFileReference; fileEncoding = 4; lastKnownFileType = sourcecode.c.h; name = checks.h; path = src/checks.h; sourceTree = SOURCE_ROOT; };
		F4AC5BEB1E279EA600F2384C /* compiler.h */ = {isa = PBXFileReference; fileEncoding = 4; lastKnownFileType = sourcecode.c.h; name = compiler.h; path = src/compiler.h; sourceTree = SOURCE_ROOT; };
		F4AC5BEC1E279EA600F2384C /* constants.h */ = {isa = PBXFileReference; fileEncoding = 4; lastKnownFileType = sourcecode.c.h; name = constants.h; path = src/constants.h; sourceTree = SOURCE_ROOT; };
		F4AC5BED1E279EA600F2384C /* crc.h */ = {isa = PBXFileReference; fileEncoding = 4; lastKnownFileType = sourcecode.c.h; name = crc.h; path = src/crc.h; sourceTree = SOURCE_ROOT; };
		F4AC5BEE1E279EA600F2384C /* ctable.h */ = {isa = PBXFileReference; fileEncoding = 4; lastKnownFileType = sourcecode.c.h; name = ctable.h; path = src/ctable.h; sourceTree = SOURCE_ROOT; };
		F4AC5BEF1E279EA600F2384C /* errors.h */ = {isa = PBXFileReference; fileEncoding = 4; lastKnownFileType = sourcecode.c.h; name = errors.h; path = src/errors.h; sourceTree = SOURCE_ROOT; };
		F4AC5BF01E279EA600F2384C /* foreign.h */ = {isa = PBXFileReference; fileEncoding = 4; lastKnownFileType = sourcecode.c.h; name = foreign.h; path = src/foreign.h; sourceTree = SOURCE_ROOT; };
		F4AC5BF11E279EA600F2384C /* format.h */ = {isa = PBXFileReference; fileEncoding = 4; lastKnownFileType = sourcecode.c.h; name = format.h; path = src/format.h; sourceTree = SOURCE_ROOT; };
		F4AC5BF21E279EA600F2384C /* global.h */ = {isa = PBXFileReference; fileEncoding = 4; lastKnownFileType = sourcecode.c.h; name = global.h; path = src/global.h; sourceTree = SOURCE_ROOT; };
		F4AC5BF31E279EA600F2384C /* hashmap.h */ = {isa = PBXFileReference; fileEncoding = 4; lastKnownFileType = sourcecode.c.h; name = hashmap.h; path = src/hashmap.h; sourceTree = SOURCE_ROOT; };
		F4AC5BF41E279EA600F2384C /* init.h */ = {isa = PBXFileReference; fileEncoding = 4; lastKnownFileType = sourcecode.c.h; name = init.h; path = src/init.h; sourceTree = SOURCE_ROOT; };
		F4AC5BF51E279EA600F2384C /* kernel.h */ = {isa = PBXFileReference; fileEncoding = 4; lastKnownFileType = sourcecode.c.h; name = kernel.h; path = src/kernel.h; sourceTree = SOURCE_ROOT; };
		F4AC5BF61E279EA600F2384C /* list.h */ = {isa = PBXFileReference; fileEncoding = 4; lastKnownFileType = sourcecode.c.h; name = list.h; path = src/list.h; sourceTree = SOURCE_ROOT; };
		F4AC5BF71E279EA600F2384C /* module.h */ = {isa = PBXFileReference; fileEncoding = 4; lastKnownFileType = sourcecode.c.h; name = module.h; path = src/module.h; sourceTree = SOURCE_ROOT; };
		F4AC5BF81E279EA600F2384C /* operators.h */ = {isa = PBXFileReference; fileEncoding = 4; lastKnownFileType = sourcecode.c.h; name = operators.h; path = src/operators.h; sourceTree = SOURCE_ROOT; };
		F4AC5BF91E279EA600F2384C /* options.h */ = {isa = PBXFileReference; fileEncoding = 4; lastKnownFileType = sourcecode.c.h; name = options.h; path = src/options.h; sourceTree = SOURCE_ROOT; };
		F4AC5BFA1E279EA600F2384C /* parser.h */ = {isa = PBXFileReference; fileEncoding = 4; lastKnownFileType = sourcecode.c.h; name = parser.h; path = src/parser.h; sourceTree = SOURCE_ROOT; };
		F4AC5BFB1E279EA600F2384C /* prolog_flag.h */ = {isa = PBXFileReference; fileEncoding = 4; lastKnownFileType = sourcecode.c.h; name = prolog_flag.h; path = src/prolog_flag.h; sourceTree = SOURCE_ROOT; };
		F4AC5BFC1E279EA600F2384C /* record.h */ = {isa = PBXFileReference; fileEncoding = 4; lastKnownFileType = sourcecode.c.h; name = record.h; path = src/record.h; sourceTree = SOURCE_ROOT; };
		F4AC5BFD1E279EA600F2384C /* stream.h */ = {isa = PBXFileReference; fileEncoding = 4; lastKnownFileType = sourcecode.c.h; name = stream.h; path = src/stream.h; sourceTree = SOURCE_ROOT; };
		F4AC5BFE1E279EA600F2384C /* string_builder.h */ = {isa = PBXFileReference; fileEncoding = 4; lastKnownFileType = sourcecode.c.h; name = string_builder.h; path = src/string_builder.h; sourceTree = SOURCE_ROOT; };
		F4AC5BFF1E279EA600F2384C /* term_writer.h */ = {isa = PBXFileReference; fileEncoding = 4; lastKnownFileType = sourcecode.c.h; name = term_writer.h; path = src/term_writer.h; sourceTree = SOURCE_ROOT; };
		F4AC5C001E279EA600F2384C /* test.h */ = {isa = PBXFileReference; fileEncoding = 4; lastKnownFileType = sourcecode.c.h; name = test.h; path = src/test.h; sourceTree = SOURCE_ROOT; };
		F4AC5C011E279EA600F2384C /* types.h */ = {isa = PBXFileReference; fileEncoding = 4; lastKnownFileType = sourcecode.c.h; name = types.h; path = src/types.h; sourceTree = SOURCE_ROOT; };
		F4AC5C021E279EA600F2384C /* whashmap.h */ = {isa = PBXFileReference; fileEncoding = 4; lastKnownFileType = sourcecode.c.h; name = whashmap.h; path = src/whashmap.h; sourceTree = SOURCE_ROOT; };
		F4AC5C031E279EA600F2384C /* arithmetic.c */ = {isa = PBXFileReference; fileEncoding = 4; lastKnownFileType = sourcecode.c.c; name = arithmetic.c; path = src/arithmetic.c; sourceTree = SOURCE_ROOT; };
		F4AC5C041E279EA600F2384C /* bihashmap.c */ = {isa = PBXFileReference; fileEncoding = 4; lastKnownFileType = sourcecode.c.c; name = bihashmap.c; path = src/bihashmap.c; sourceTree = SOURCE_ROOT; };
		F4AC5C051E279EA600F2384C /* char_buffer.c */ = {isa = PBXFileReference; fileEncoding = 4; lastKnownFileType = sourcecode.c.c; name = char_buffer.c; path = src/char_buffer.c; sourceTree = SOURCE_ROOT; };
		F4AC5C061E279EA600F2384C /* char_conversion.c */ = {isa = PBXFileReference; fileEncoding = 4; lastKnownFileType = sourcecode.c.c; name = char_conversion.c; path = src/char_conversion.c; sourceTree = SOURCE_ROOT; };
		F4AC5C071E279EA600F2384C /* compiler.c */ = {isa = PBXFileReference; fileEncoding = 4; lastKnownFileType = sourcecode.c.c; name = compiler.c; path = src/compiler.c; sourceTree = SOURCE_ROOT; };
		F4AC5C081E279EA600F2384C /* constants.c */ = {isa = PBXFileReference; fileEncoding = 4; lastKnownFileType = sourcecode.c.c; name = constants.c; path = src/constants.c; sourceTree = SOURCE_ROOT; };
		F4AC5C091E279EA600F2384C /* crc.c */ = {isa = PBXFileReference; fileEncoding = 4; lastKnownFileType = sourcecode.c.c; name = crc.c; path = src/crc.c; sourceTree = SOURCE_ROOT; };
		F4AC5C0A1E279EA600F2384C /* ctable.c */ = {isa = PBXFileReference; fileEncoding = 4; lastKnownFileType = sourcecode.c.c; name = ctable.c; path = src/ctable.c; sourceTree = SOURCE_ROOT; };
		F4AC5C0B1E279EA600F2384C /* errors.c */ = {isa = PBXFileReference; fileEncoding = 4; lastKnownFileType = sourcecode.c.c; name = errors.c; path = src/errors.c; sourceTree = SOURCE_ROOT; };
		F4AC5C0C1E279EA600F2384C /* fli.c */ = {isa = PBXFileReference; fileEncoding = 4; lastKnownFileType = sourcecode.c.c; name = fli.c; path = src/fli.c; sourceTree = SOURCE_ROOT; };
		F4AC5C0E1E279EA600F2384C /* foreign.c */ = {isa = PBXFileReference; fileEncoding = 4; lastKnownFileType = sourcecode.c.c; name = foreign.c; path = src/foreign.c; sourceTree = SOURCE_ROOT; };
		F4AC5C0F1E279EA600F2384C /* format.c */ = {isa = PBXFileReference; fileEncoding = 4; lastKnownFileType = sourcecode.c.c; name = format.c; path = src/format.c; sourceTree = SOURCE_ROOT; };
		F4AC5C101E279EA600F2384C /* global.c */ = {isa = PBXFileReference; fileEncoding = 4; lastKnownFileType = sourcecode.c.c; name = global.c; path = src/global.c; sourceTree = SOURCE_ROOT; };
		F4AC5C111E279EA600F2384C /* hashmap.c */ = {isa = PBXFileReference; fileEncoding = 4; lastKnownFileType = sourcecode.c.c; name = hashmap.c; path = src/hashmap.c; sourceTree = SOURCE_ROOT; };
		F4AC5C121E279EA600F2384C /* init.c */ = {isa = PBXFileReference; fileEncoding = 4; lastKnownFileType = sourcecode.c.c; name = init.c; path = src/init.c; sourceTree = SOURCE_ROOT; };
		F4AC5C131E279EA600F2384C /* kernel.c */ = {isa = PBXFileReference; fileEncoding = 4; lastKnownFileType = sourcecode.c.c; name = kernel.c; path = src/kernel.c; sourceTree = SOURCE_ROOT; };
		F4AC5C141E279EA600F2384C /* list.c */ = {isa = PBXFileReference; fileEncoding = 4; lastKnownFileType = sourcecode.c.c; name = list.c; path = src/list.c; sourceTree = SOURCE_ROOT; };
		F4AC5C151E279EA600F2384C /* main.c */ = {isa = PBXFileReference; fileEncoding = 4; lastKnownFileType = sourcecode.c.c; name = main.c; path = src/main.c; sourceTree = SOURCE_ROOT; };
		F4AC5C161E279EA600F2384C /* module.c */ = {isa = PBXFileReference; fileEncoding = 4; lastKnownFileType = sourcecode.c.c; name = module.c; path = src/module.c; sourceTree = SOURCE_ROOT; };
		F4AC5C171E279EA600F2384C /* operators.c */ = {isa = PBXFileReference; fileEncoding = 4; lastKnownFileType = sourcecode.c.c; name = operators.c; path = src/operators.c; sourceTree = SOURCE_ROOT; };
		F4AC5C181E279EA600F2384C /* options.c */ = {isa = PBXFileReference; fileEncoding = 4; lastKnownFileType = sourcecode.c.c; name = options.c; path = src/options.c; sourceTree = SOURCE_ROOT; };
		F4AC5C191E279EA600F2384C /* parser.c */ = {isa = PBXFileReference; fileEncoding = 4; lastKnownFileType = sourcecode.c.c; name = parser.c; path = src/parser.c; sourceTree = SOURCE_ROOT; };
		F4AC5C1A1E279EA600F2384C /* prolog_flag.c */ = {isa = PBXFileReference; fileEncoding = 4; lastKnownFileType = sourcecode.c.c; name = prolog_flag.c; path = src/prolog_flag.c; sourceTree = SOURCE_ROOT; };
		F4AC5C1B1E279EA600F2384C /* record.c */ = {isa = PBXFileReference; fileEncoding = 4; lastKnownFileType = sourcecode.c.c; name = record.c; path = src/record.c; sourceTree = SOURCE_ROOT; };
		F4AC5C1C1E279EA600F2384C /* stream.c */ = {isa = PBXFileReference; fileEncoding = 4; lastKnownFileType = sourcecode.c.c; name = stream.c; path = src/stream.c; sourceTree = SOURCE_ROOT; };
		F4AC5C1D1E279EA600F2384C /* string_builder.c */ = {isa = PBXFileReference; fileEncoding = 4; lastKnownFileType = sourcecode.c.c; name = string_builder.c; path = src/string_builder.c; sourceTree = SOURCE_ROOT; };
		F4AC5C1E1E279EA600F2384C /* term_writer.c */ = {isa = PBXFileReference; fileEncoding = 4; lastKnownFileType = sourcecode.c.c; name = term_writer.c; path = src/term_writer.c; sourceTree = SOURCE_ROOT; };
		F4AC5C1F1E279EA600F2384C /* test.c */ = {isa = PBXFileReference; fileEncoding = 4; lastKnownFileType = sourcecode.c.c; name = test.c; path = src/test.c; sourceTree = SOURCE_ROOT; };
		F4AC5C201E279EA600F2384C /* whashmap.c */ = {isa = PBXFileReference; fileEncoding = 4; lastKnownFileType = sourcecode.c.c; name = whashmap.c; path = src/whashmap.c; sourceTree = SOURCE_ROOT; };
		F4AC5C5D1E279F0C00F2384C /* Info.plist */ = {isa = PBXFileReference; fileEncoding = 4; lastKnownFileType = text.plist.xml; name = Info.plist; path = src/Info.plist; sourceTree = SOURCE_ROOT; };
		F4AC5C601E279F9800F2384C /* libgmp.framework */ = {isa = PBXFileReference; lastKnownFileType = wrapper.framework; name = libgmp.framework; path = "../gmp-ios-builder/build/libgmp.framework"; sourceTree = "<group>"; };
/* End PBXFileReference section */

/* Begin PBXFrameworksBuildPhase section */
		F48B3FE91E279E3E0056C796 /* Frameworks */ = {
			isa = PBXFrameworksBuildPhase;
			buildActionMask = 2147483647;
			files = (
				F4AC5C611E279F9800F2384C /* libgmp.framework in Frameworks */,
			);
			runOnlyForDeploymentPostprocessing = 0;
		};
/* End PBXFrameworksBuildPhase section */

/* Begin PBXGroup section */
		F46BE55B1E2A7D1300DA8359 /* Products */ = {
			isa = PBXGroup;
			children = (
				F46BE5641E2A7D1300DA8359 /* SocketRocket.framework */,
				F46BE5661E2A7D1300DA8359 /* SocketRocket.framework */,
				F46BE5681E2A7D1300DA8359 /* SocketRocket.framework */,
				F46BE56A1E2A7D1300DA8359 /* SocketRocket.framework */,
				F46BE56C1E2A7D1300DA8359 /* SocketRocketTests-iOS.xctest */,
				F46BE56E1E2A7D1300DA8359 /* TestChat.app */,
			);
			name = Products;
			sourceTree = "<group>";
		};
		F48B3FE31E279E3E0056C796 = {
			isa = PBXGroup;
			children = (
				F46BE55A1E2A7D1300DA8359 /* SocketRocket.xcodeproj */,
				F48B3FEF1E279E3F0056C796 /* proscript */,
				F48B3FEE1E279E3F0056C796 /* Products */,
				F4AC5C5F1E279F9700F2384C /* Frameworks */,
			);
			sourceTree = "<group>";
		};
		F48B3FEE1E279E3F0056C796 /* Products */ = {
			isa = PBXGroup;
			children = (
				F48B3FED1E279E3F0056C796 /* proscript.framework */,
			);
			name = Products;
			sourceTree = "<group>";
		};
		F48B3FEF1E279E3F0056C796 /* proscript */ = {
			isa = PBXGroup;
			children = (
				F4298F481E27A4D20008BDEF /* proscript2.h */,
				F4AC5C5D1E279F0C00F2384C /* Info.plist */,
				F4AC5BE51E279EA600F2384C /* arithmetic.h */,
				F4AC5BE61E279EA600F2384C /* bihashmap.h */,
				F4AC5BE71E279EA600F2384C /* builtin.h */,
				F4AC5BE81E279EA600F2384C /* char_buffer.h */,
				F4AC5BE91E279EA600F2384C /* char_conversion.h */,
				F4AC5BEA1E279EA600F2384C /* checks.h */,
				F4AC5BEB1E279EA600F2384C /* compiler.h */,
				F4AC5BEC1E279EA600F2384C /* constants.h */,
				F4AC5BED1E279EA600F2384C /* crc.h */,
				F4AC5BEE1E279EA600F2384C /* ctable.h */,
				F4AC5BEF1E279EA600F2384C /* errors.h */,
				F4AC5BF01E279EA600F2384C /* foreign.h */,
				F4AC5BF11E279EA600F2384C /* format.h */,
				F4AC5BF21E279EA600F2384C /* global.h */,
				F4AC5BF31E279EA600F2384C /* hashmap.h */,
				F4AC5BF41E279EA600F2384C /* init.h */,
				F4AC5BF51E279EA600F2384C /* kernel.h */,
				F4AC5BF61E279EA600F2384C /* list.h */,
				F4AC5BF71E279EA600F2384C /* module.h */,
				F4AC5BF81E279EA600F2384C /* operators.h */,
				F4AC5BF91E279EA600F2384C /* options.h */,
				F4AC5BFA1E279EA600F2384C /* parser.h */,
				F4AC5BFB1E279EA600F2384C /* prolog_flag.h */,
				F4AC5BFC1E279EA600F2384C /* record.h */,
				F4AC5BFD1E279EA600F2384C /* stream.h */,
				F4AC5BFE1E279EA600F2384C /* string_builder.h */,
				F4AC5BFF1E279EA600F2384C /* term_writer.h */,
				F4AC5C001E279EA600F2384C /* test.h */,
				F4AC5C011E279EA600F2384C /* types.h */,
				F4AC5C021E279EA600F2384C /* whashmap.h */,
				F4AC5C031E279EA600F2384C /* arithmetic.c */,
				F4AC5C041E279EA600F2384C /* bihashmap.c */,
				F4AC5C051E279EA600F2384C /* char_buffer.c */,
				F4AC5C061E279EA600F2384C /* char_conversion.c */,
				F4AC5C071E279EA600F2384C /* compiler.c */,
				F4AC5C081E279EA600F2384C /* constants.c */,
				F4AC5C091E279EA600F2384C /* crc.c */,
				F4AC5C0A1E279EA600F2384C /* ctable.c */,
				F4AC5C0B1E279EA600F2384C /* errors.c */,
				F4AC5C0C1E279EA600F2384C /* fli.c */,
				F4AC5C0E1E279EA600F2384C /* foreign.c */,
				F4AC5C0F1E279EA600F2384C /* format.c */,
				F4AC5C101E279EA600F2384C /* global.c */,
				F4AC5C111E279EA600F2384C /* hashmap.c */,
				F4AC5C121E279EA600F2384C /* init.c */,
				F4AC5C131E279EA600F2384C /* kernel.c */,
				F4AC5C141E279EA600F2384C /* list.c */,
				F4AC5C151E279EA600F2384C /* main.c */,
				F4AC5C161E279EA600F2384C /* module.c */,
				F4AC5C171E279EA600F2384C /* operators.c */,
				F4AC5C181E279EA600F2384C /* options.c */,
				F4AC5C191E279EA600F2384C /* parser.c */,
				F4AC5C1A1E279EA600F2384C /* prolog_flag.c */,
				F4AC5C1B1E279EA600F2384C /* record.c */,
				F4AC5C1C1E279EA600F2384C /* stream.c */,
				F4AC5C1D1E279EA600F2384C /* string_builder.c */,
				F4AC5C1E1E279EA600F2384C /* term_writer.c */,
				F4AC5C1F1E279EA600F2384C /* test.c */,
				F4AC5C201E279EA600F2384C /* whashmap.c */,
			);
			path = proscript;
			sourceTree = "<group>";
		};
		F4AC5C5F1E279F9700F2384C /* Frameworks */ = {
			isa = PBXGroup;
			children = (
				F4AC5C601E279F9800F2384C /* libgmp.framework */,
			);
			name = Frameworks;
			sourceTree = "<group>";
		};
/* End PBXGroup section */

/* Begin PBXHeadersBuildPhase section */
		F48B3FEA1E279E3E0056C796 /* Headers */ = {
			isa = PBXHeadersBuildPhase;
			buildActionMask = 2147483647;
			files = (
				F4298F491E27A4D20008BDEF /* proscript2.h in Headers */,
				F4AC5C301E279EA600F2384C /* init.h in Headers */,
				F4AC5C221E279EA600F2384C /* bihashmap.h in Headers */,
				F4AC5C2A1E279EA600F2384C /* ctable.h in Headers */,
				F4AC5C261E279EA600F2384C /* checks.h in Headers */,
				F4AC5C3C1E279EA600F2384C /* test.h in Headers */,
				F4AC5C321E279EA600F2384C /* list.h in Headers */,
				F4AC5C381E279EA600F2384C /* record.h in Headers */,
				F4AC5C251E279EA600F2384C /* char_conversion.h in Headers */,
				F4AC5C211E279EA600F2384C /* arithmetic.h in Headers */,
				F4AC5C3E1E279EA600F2384C /* whashmap.h in Headers */,
				F4AC5C351E279EA600F2384C /* options.h in Headers */,
				F4AC5C3A1E279EA600F2384C /* string_builder.h in Headers */,
				F4AC5C2F1E279EA600F2384C /* hashmap.h in Headers */,
				F4AC5C3B1E279EA600F2384C /* term_writer.h in Headers */,
				F4AC5C241E279EA600F2384C /* char_buffer.h in Headers */,
				F4AC5C3D1E279EA600F2384C /* types.h in Headers */,
				F4AC5C271E279EA600F2384C /* compiler.h in Headers */,
				F4AC5C361E279EA600F2384C /* parser.h in Headers */,
				F4AC5C291E279EA600F2384C /* crc.h in Headers */,
				F4AC5C391E279EA600F2384C /* stream.h in Headers */,
				F4AC5C311E279EA600F2384C /* kernel.h in Headers */,
				F4AC5C281E279EA600F2384C /* constants.h in Headers */,
				F4AC5C2E1E279EA600F2384C /* global.h in Headers */,
				F4AC5C2C1E279EA600F2384C /* foreign.h in Headers */,
				F4AC5C2D1E279EA600F2384C /* format.h in Headers */,
				F4AC5C341E279EA600F2384C /* operators.h in Headers */,
				F4AC5C231E279EA600F2384C /* builtin.h in Headers */,
				F4AC5C371E279EA600F2384C /* prolog_flag.h in Headers */,
				F4AC5C2B1E279EA600F2384C /* errors.h in Headers */,
				F4AC5C331E279EA600F2384C /* module.h in Headers */,
			);
			runOnlyForDeploymentPostprocessing = 0;
		};
/* End PBXHeadersBuildPhase section */

/* Begin PBXNativeTarget section */
		F48B3FEC1E279E3E0056C796 /* proscript */ = {
			isa = PBXNativeTarget;
			buildConfigurationList = F48B3FF51E279E3F0056C796 /* Build configuration list for PBXNativeTarget "proscript" */;
			buildPhases = (
				F48B3FE81E279E3E0056C796 /* Sources */,
				F48B3FE91E279E3E0056C796 /* Frameworks */,
				F48B3FEA1E279E3E0056C796 /* Headers */,
				F48B3FEB1E279E3E0056C796 /* Resources */,
			);
			buildRules = (
			);
			dependencies = (
			);
			name = proscript;
			productName = proscript;
			productReference = F48B3FED1E279E3F0056C796 /* proscript.framework */;
			productType = "com.apple.product-type.framework";
		};
/* End PBXNativeTarget section */

/* Begin PBXProject section */
		F48B3FE41E279E3E0056C796 /* Project object */ = {
			isa = PBXProject;
			attributes = {
				LastUpgradeCheck = 0820;
				ORGANIZATIONNAME = "Matt Lilley";
				TargetAttributes = {
					F48B3FEC1E279E3E0056C796 = {
						CreatedOnToolsVersion = 8.2.1;
						DevelopmentTeam = NFE4HPYDWF;
						ProvisioningStyle = Automatic;
					};
				};
			};
			buildConfigurationList = F48B3FE71E279E3E0056C796 /* Build configuration list for PBXProject "proscript" */;
			compatibilityVersion = "Xcode 3.2";
			developmentRegion = English;
			hasScannedForEncodings = 0;
			knownRegions = (
				en,
			);
			mainGroup = F48B3FE31E279E3E0056C796;
			productRefGroup = F48B3FEE1E279E3F0056C796 /* Products */;
			projectDirPath = "";
			projectReferences = (
				{
					ProductGroup = F46BE55B1E2A7D1300DA8359 /* Products */;
					ProjectRef = F46BE55A1E2A7D1300DA8359 /* SocketRocket.xcodeproj */;
				},
			);
			projectRoot = "";
			targets = (
				F48B3FEC1E279E3E0056C796 /* proscript */,
			);
		};
/* End PBXProject section */

/* Begin PBXReferenceProxy section */
		F46BE5641E2A7D1300DA8359 /* SocketRocket.framework */ = {
			isa = PBXReferenceProxy;
			fileType = wrapper.framework;
			path = SocketRocket.framework;
			remoteRef = F46BE5631E2A7D1300DA8359 /* PBXContainerItemProxy */;
			sourceTree = BUILT_PRODUCTS_DIR;
		};
		F46BE5661E2A7D1300DA8359 /* SocketRocket.framework */ = {
			isa = PBXReferenceProxy;
			fileType = wrapper.framework;
			path = SocketRocket.framework;
			remoteRef = F46BE5651E2A7D1300DA8359 /* PBXContainerItemProxy */;
			sourceTree = BUILT_PRODUCTS_DIR;
		};
		F46BE5681E2A7D1300DA8359 /* SocketRocket.framework */ = {
			isa = PBXReferenceProxy;
			fileType = wrapper.framework;
			path = SocketRocket.framework;
			remoteRef = F46BE5671E2A7D1300DA8359 /* PBXContainerItemProxy */;
			sourceTree = BUILT_PRODUCTS_DIR;
		};
		F46BE56A1E2A7D1300DA8359 /* SocketRocket.framework */ = {
			isa = PBXReferenceProxy;
			fileType = wrapper.framework;
			path = SocketRocket.framework;
			remoteRef = F46BE5691E2A7D1300DA8359 /* PBXContainerItemProxy */;
			sourceTree = BUILT_PRODUCTS_DIR;
		};
		F46BE56C1E2A7D1300DA8359 /* SocketRocketTests-iOS.xctest */ = {
			isa = PBXReferenceProxy;
			fileType = wrapper.cfbundle;
			path = "SocketRocketTests-iOS.xctest";
			remoteRef = F46BE56B1E2A7D1300DA8359 /* PBXContainerItemProxy */;
			sourceTree = BUILT_PRODUCTS_DIR;
		};
		F46BE56E1E2A7D1300DA8359 /* TestChat.app */ = {
			isa = PBXReferenceProxy;
			fileType = wrapper.application;
			path = TestChat.app;
			remoteRef = F46BE56D1E2A7D1300DA8359 /* PBXContainerItemProxy */;
			sourceTree = BUILT_PRODUCTS_DIR;
		};
/* End PBXReferenceProxy section */

/* Begin PBXResourcesBuildPhase section */
		F48B3FEB1E279E3E0056C796 /* Resources */ = {
			isa = PBXResourcesBuildPhase;
			buildActionMask = 2147483647;
			files = (
				F4AC5C5E1E279F0C00F2384C /* Info.plist in Resources */,
			);
			runOnlyForDeploymentPostprocessing = 0;
		};
/* End PBXResourcesBuildPhase section */

/* Begin PBXSourcesBuildPhase section */
		F48B3FE81E279E3E0056C796 /* Sources */ = {
			isa = PBXSourcesBuildPhase;
			buildActionMask = 2147483647;
			files = (
				F4AC5C4F1E279EA600F2384C /* kernel.c in Sources */,
				F4AC5C4A1E279EA600F2384C /* foreign.c in Sources */,
				F4AC5C411E279EA600F2384C /* char_buffer.c in Sources */,
				F4AC5C501E279EA600F2384C /* list.c in Sources */,
				F4AC5C571E279EA600F2384C /* record.c in Sources */,
				F4AC5C541E279EA600F2384C /* options.c in Sources */,
				F4AC5C511E279EA600F2384C /* main.c in Sources */,
				F4AC5C481E279EA600F2384C /* fli.c in Sources */,
				F4AC5C471E279EA600F2384C /* errors.c in Sources */,
				F4AC5C581E279EA600F2384C /* stream.c in Sources */,
				F4AC5C551E279EA600F2384C /* parser.c in Sources */,
				F4AC5C451E279EA600F2384C /* crc.c in Sources */,
				F4AC5C5B1E279EA600F2384C /* test.c in Sources */,
				F4AC5C4D1E279EA600F2384C /* hashmap.c in Sources */,
				F4AC5C5C1E279EA600F2384C /* whashmap.c in Sources */,
				F4AC5C421E279EA600F2384C /* char_conversion.c in Sources */,
				F4AC5C3F1E279EA600F2384C /* arithmetic.c in Sources */,
				F4AC5C521E279EA600F2384C /* module.c in Sources */,
				F4AC5C531E279EA600F2384C /* operators.c in Sources */,
				F4AC5C461E279EA600F2384C /* ctable.c in Sources */,
				F4AC5C441E279EA600F2384C /* constants.c in Sources */,
				F4AC5C561E279EA600F2384C /* prolog_flag.c in Sources */,
				F4AC5C4E1E279EA600F2384C /* init.c in Sources */,
				F4AC5C401E279EA600F2384C /* bihashmap.c in Sources */,
				F4AC5C431E279EA600F2384C /* compiler.c in Sources */,
				F4AC5C4C1E279EA600F2384C /* global.c in Sources */,
				F4AC5C4B1E279EA600F2384C /* format.c in Sources */,
				F4AC5C5A1E279EA600F2384C /* term_writer.c in Sources */,
				F4AC5C591E279EA600F2384C /* string_builder.c in Sources */,
			);
			runOnlyForDeploymentPostprocessing = 0;
		};
/* End PBXSourcesBuildPhase section */

/* Begin XCBuildConfiguration section */
		F48B3FF31E279E3F0056C796 /* Debug */ = {
			isa = XCBuildConfiguration;
			buildSettings = {
				ALWAYS_SEARCH_USER_PATHS = NO;
				CLANG_ANALYZER_NONNULL = YES;
				CLANG_CXX_LANGUAGE_STANDARD = "gnu++0x";
				CLANG_CXX_LIBRARY = "libc++";
				CLANG_ENABLE_MODULES = YES;
				CLANG_ENABLE_OBJC_ARC = YES;
				CLANG_WARN_BOOL_CONVERSION = YES;
				CLANG_WARN_CONSTANT_CONVERSION = YES;
				CLANG_WARN_DIRECT_OBJC_ISA_USAGE = YES_ERROR;
				CLANG_WARN_DOCUMENTATION_COMMENTS = YES;
				CLANG_WARN_EMPTY_BODY = YES;
				CLANG_WARN_ENUM_CONVERSION = YES;
				CLANG_WARN_INFINITE_RECURSION = YES;
				CLANG_WARN_INT_CONVERSION = YES;
				CLANG_WARN_OBJC_ROOT_CLASS = YES_ERROR;
				CLANG_WARN_SUSPICIOUS_MOVE = YES;
				CLANG_WARN_UNREACHABLE_CODE = YES;
				CLANG_WARN__DUPLICATE_METHOD_MATCH = YES;
				"CODE_SIGN_IDENTITY[sdk=iphoneos*]" = "iPhone Developer";
				COPY_PHASE_STRIP = NO;
				CURRENT_PROJECT_VERSION = 1;
				DEBUG_INFORMATION_FORMAT = dwarf;
				ENABLE_STRICT_OBJC_MSGSEND = YES;
				ENABLE_TESTABILITY = YES;
				GCC_C_LANGUAGE_STANDARD = gnu99;
				GCC_DYNAMIC_NO_PIC = NO;
				GCC_NO_COMMON_BLOCKS = YES;
				GCC_OPTIMIZATION_LEVEL = 0;
				GCC_PREPROCESSOR_DEFINITIONS = (
					"DEBUG=1",
					"$(inherited)",
				);
				GCC_WARN_64_TO_32_BIT_CONVERSION = YES;
				GCC_WARN_ABOUT_RETURN_TYPE = YES_ERROR;
				GCC_WARN_UNDECLARED_SELECTOR = YES;
				GCC_WARN_UNINITIALIZED_AUTOS = YES_AGGRESSIVE;
				GCC_WARN_UNUSED_FUNCTION = YES;
				GCC_WARN_UNUSED_VARIABLE = YES;
				IPHONEOS_DEPLOYMENT_TARGET = 10.2;
				MTL_ENABLE_DEBUG_INFO = YES;
				ONLY_ACTIVE_ARCH = YES;
				SDKROOT = iphoneos;
				TARGETED_DEVICE_FAMILY = "1,2";
				VERSIONING_SYSTEM = "apple-generic";
				VERSION_INFO_PREFIX = "";
			};
			name = Debug;
		};
		F48B3FF41E279E3F0056C796 /* Release */ = {
			isa = XCBuildConfiguration;
			buildSettings = {
				ALWAYS_SEARCH_USER_PATHS = NO;
				CLANG_ANALYZER_NONNULL = YES;
				CLANG_CXX_LANGUAGE_STANDARD = "gnu++0x";
				CLANG_CXX_LIBRARY = "libc++";
				CLANG_ENABLE_MODULES = YES;
				CLANG_ENABLE_OBJC_ARC = YES;
				CLANG_WARN_BOOL_CONVERSION = YES;
				CLANG_WARN_CONSTANT_CONVERSION = YES;
				CLANG_WARN_DIRECT_OBJC_ISA_USAGE = YES_ERROR;
				CLANG_WARN_DOCUMENTATION_COMMENTS = YES;
				CLANG_WARN_EMPTY_BODY = YES;
				CLANG_WARN_ENUM_CONVERSION = YES;
				CLANG_WARN_INFINITE_RECURSION = YES;
				CLANG_WARN_INT_CONVERSION = YES;
				CLANG_WARN_OBJC_ROOT_CLASS = YES_ERROR;
				CLANG_WARN_SUSPICIOUS_MOVE = YES;
				CLANG_WARN_UNREACHABLE_CODE = YES;
				CLANG_WARN__DUPLICATE_METHOD_MATCH = YES;
				"CODE_SIGN_IDENTITY[sdk=iphoneos*]" = "iPhone Developer";
				COPY_PHASE_STRIP = NO;
				CURRENT_PROJECT_VERSION = 1;
				DEBUG_INFORMATION_FORMAT = "dwarf-with-dsym";
				ENABLE_NS_ASSERTIONS = NO;
				ENABLE_STRICT_OBJC_MSGSEND = YES;
				GCC_C_LANGUAGE_STANDARD = gnu99;
				GCC_NO_COMMON_BLOCKS = YES;
				GCC_WARN_64_TO_32_BIT_CONVERSION = YES;
				GCC_WARN_ABOUT_RETURN_TYPE = YES_ERROR;
				GCC_WARN_UNDECLARED_SELECTOR = YES;
				GCC_WARN_UNINITIALIZED_AUTOS = YES_AGGRESSIVE;
				GCC_WARN_UNUSED_FUNCTION = YES;
				GCC_WARN_UNUSED_VARIABLE = YES;
				IPHONEOS_DEPLOYMENT_TARGET = 10.2;
				MTL_ENABLE_DEBUG_INFO = NO;
				SDKROOT = iphoneos;
				TARGETED_DEVICE_FAMILY = "1,2";
				VALIDATE_PRODUCT = YES;
				VERSIONING_SYSTEM = "apple-generic";
				VERSION_INFO_PREFIX = "";
			};
			name = Release;
		};
		F48B3FF61E279E3F0056C796 /* Debug */ = {
			isa = XCBuildConfiguration;
			buildSettings = {
				CLANG_ENABLE_MODULES = NO;
				CODE_SIGN_IDENTITY = "";
				DEFINES_MODULE = YES;
				DEVELOPMENT_TEAM = NFE4HPYDWF;
				DYLIB_COMPATIBILITY_VERSION = 1;
				DYLIB_CURRENT_VERSION = 1;
				DYLIB_INSTALL_NAME_BASE = "@rpath";
				FRAMEWORK_SEARCH_PATHS = "~/projects/gmp-ios-builder/build";
				HEADER_SEARCH_PATHS = "~/projects/gmp-ios-builder/build/libgmp.framework/Headers";
				INFOPLIST_FILE = "$(SRCROOT)/src/Info.plist";
				INSTALL_PATH = "$(LOCAL_LIBRARY_DIR)/Frameworks";
				LD_RUNPATH_SEARCH_PATHS = "$(inherited) @executable_path/Frameworks @loader_path/Frameworks";
				PRODUCT_BUNDLE_IDENTIFIER = com.trime.proscript;
				PRODUCT_NAME = "$(TARGET_NAME)";
				SKIP_INSTALL = YES;
			};
			name = Debug;
		};
		F48B3FF71E279E3F0056C796 /* Release */ = {
			isa = XCBuildConfiguration;
			buildSettings = {
				CLANG_ENABLE_MODULES = NO;
				CODE_SIGN_IDENTITY = "";
				DEFINES_MODULE = YES;
				DEVELOPMENT_TEAM = NFE4HPYDWF;
				DYLIB_COMPATIBILITY_VERSION = 1;
				DYLIB_CURRENT_VERSION = 1;
				DYLIB_INSTALL_NAME_BASE = "@rpath";
				FRAMEWORK_SEARCH_PATHS = "~/projects/gmp-ios-builder/build";
				HEADER_SEARCH_PATHS = "~/projects/gmp-ios-builder/build/libgmp.framework/Headers";
				INFOPLIST_FILE = "$(SRCROOT)/src/Info.plist";
				INSTALL_PATH = "$(LOCAL_LIBRARY_DIR)/Frameworks";
				LD_RUNPATH_SEARCH_PATHS = "$(inherited) @executable_path/Frameworks @loader_path/Frameworks";
				PRODUCT_BUNDLE_IDENTIFIER = com.trime.proscript;
				PRODUCT_NAME = "$(TARGET_NAME)";
				SKIP_INSTALL = YES;
			};
			name = Release;
		};
/* End XCBuildConfiguration section */

/* Begin XCConfigurationList section */
		F48B3FE71E279E3E0056C796 /* Build configuration list for PBXProject "proscript" */ = {
			isa = XCConfigurationList;
			buildConfigurations = (
				F48B3FF31E279E3F0056C796 /* Debug */,
				F48B3FF41E279E3F0056C796 /* Release */,
			);
			defaultConfigurationIsVisible = 0;
			defaultConfigurationName = Release;
		};
		F48B3FF51E279E3F0056C796 /* Build configuration list for PBXNativeTarget "proscript" */ = {
			isa = XCConfigurationList;
			buildConfigurations = (
				F48B3FF61E279E3F0056C796 /* Debug */,
				F48B3FF71E279E3F0056C796 /* Release */,
			);
			defaultConfigurationIsVisible = 0;
			defaultConfigurationName = Release;
		};
/* End XCConfigurationList section */
	};
	rootObject = F48B3FE41E279E3E0056C796 /* Project object */;
}
